
Microsoft Visual Studio Solution File, Format Version 12.00
# Visual Studio Version 17
VisualStudioVersion = 17.10.35027.167
MinimumVisualStudioVersion = 10.0.40219.1
Project("{FAE04EC0-301F-11D3-BF4B-00C04F79EFBC}") = "SpartanDungeon", "SpartanDungeon\SpartanDungeon.csproj", "{17C9A551-59A1-457A-B79A-B3F6B189CBA0}"
EndProject
Global
	GlobalSection(SolutionConfigurationPlatforms) = preSolution
		Debug|Any CPU = Debug|Any CPU
		Release|Any CPU = Release|Any CPU
	EndGlobalSection
	GlobalSection(ProjectConfigurationPlatforms) = postSolution
		{17C9A551-59A1-457A-B79A-B3F6B189CBA0}.Debug|Any CPU.ActiveCfg = Debug|Any CPU
		{17C9A551-59A1-457A-B79A-B3F6B189CBA0}.Debug|Any CPU.Build.0 = Debug|Any CPU
		{17C9A551-59A1-457A-B79A-B3F6B189CBA0}.Release|Any CPU.ActiveCfg = Release|Any CPU
		{17C9A551-59A1-457A-B79A-B3F6B189CBA0}.Release|Any CPU.Build.0 = Release|Any CPU
	EndGlobalSection
	GlobalSection(SolutionProperties) = preSolution
		HideSolutionNode = FALSE
	EndGlobalSection
	GlobalSection(ExtensibilityGlobals) = postSolution
		SolutionGuid = {23006CEB-408F-48C3-BDD8-A1AF649F43AD}
	EndGlobalSection
EndGlobal
